
Microsoft Visual Studio Solution File, Format Version 12.00
# Visual Studio Version 17
VisualStudioVersion = 17.0.31903.59
MinimumVisualStudioVersion = 10.0.40219.1
Project("{2150E333-8FDC-42A3-9474-1A3956D46DE8}") = "src", "src", "{3576C181-8BD5-4845-9CDA-835B33A29A29}"
EndProject
Project("{FAE04EC0-301F-11D3-BF4B-00C04F79EFBC}") = "Iggy_SDK.Examples.Basic.Consumer", "src\Iggy_SDK.Examples.Basic.Consumer\Iggy_SDK.Examples.Basic.Consumer.csproj", "{D25FEFAD-7A4A-4617-91E3-1B0AB9737A7C}"
EndProject
Project("{FAE04EC0-301F-11D3-BF4B-00C04F79EFBC}") = "Iggy_SDK", "..\..\foreign\csharp\Iggy_SDK\Iggy_SDK.csproj", "{3E6DEB6E-88D8-46B5-BD0A-D35B3E2A35A6}"
EndProject
Project("{FAE04EC0-301F-11D3-BF4B-00C04F79EFBC}") = "Iggy_SDK.Examples.Shared", "src\Iggy_SDK.Examples.Shared\Iggy_SDK.Examples.Shared.csproj", "{6CA0C169-109F-4A43-A21F-0792C1F865C8}"
EndProject
Project("{FAE04EC0-301F-11D3-BF4B-00C04F79EFBC}") = "Iggy_SDK.Examples.Basic.Producer", "src\Iggy_SDK.Examples.Basic.Producer\Iggy_SDK.Examples.Basic.Producer.csproj", "{5DBD2AE2-B68A-4072-8740-839EA19E400A}"
EndProject
Global
	GlobalSection(SolutionConfigurationPlatforms) = preSolution
		Debug|Any CPU = Debug|Any CPU
		Release|Any CPU = Release|Any CPU
	EndGlobalSection
	GlobalSection(SolutionProperties) = preSolution
		HideSolutionNode = FALSE
	EndGlobalSection
	GlobalSection(ProjectConfigurationPlatforms) = postSolution
		{D25FEFAD-7A4A-4617-91E3-1B0AB9737A7C}.Debug|Any CPU.ActiveCfg = Debug|Any CPU
		{D25FEFAD-7A4A-4617-91E3-1B0AB9737A7C}.Debug|Any CPU.Build.0 = Debug|Any CPU
		{D25FEFAD-7A4A-4617-91E3-1B0AB9737A7C}.Release|Any CPU.ActiveCfg = Release|Any CPU
		{D25FEFAD-7A4A-4617-91E3-1B0AB9737A7C}.Release|Any CPU.Build.0 = Release|Any CPU
		{3E6DEB6E-88D8-46B5-BD0A-D35B3E2A35A6}.Debug|Any CPU.ActiveCfg = Debug|Any CPU
		{3E6DEB6E-88D8-46B5-BD0A-D35B3E2A35A6}.Debug|Any CPU.Build.0 = Debug|Any CPU
		{3E6DEB6E-88D8-46B5-BD0A-D35B3E2A35A6}.Release|Any CPU.ActiveCfg = Release|Any CPU
		{3E6DEB6E-88D8-46B5-BD0A-D35B3E2A35A6}.Release|Any CPU.Build.0 = Release|Any CPU
		{6CA0C169-109F-4A43-A21F-0792C1F865C8}.Debug|Any CPU.ActiveCfg = Debug|Any CPU
		{6CA0C169-109F-4A43-A21F-0792C1F865C8}.Debug|Any CPU.Build.0 = Debug|Any CPU
		{6CA0C169-109F-4A43-A21F-0792C1F865C8}.Release|Any CPU.ActiveCfg = Release|Any CPU
		{6CA0C169-109F-4A43-A21F-0792C1F865C8}.Release|Any CPU.Build.0 = Release|Any CPU
		{5DBD2AE2-B68A-4072-8740-839EA19E400A}.Debug|Any CPU.ActiveCfg = Debug|Any CPU
		{5DBD2AE2-B68A-4072-8740-839EA19E400A}.Debug|Any CPU.Build.0 = Debug|Any CPU
		{5DBD2AE2-B68A-4072-8740-839EA19E400A}.Release|Any CPU.ActiveCfg = Release|Any CPU
		{5DBD2AE2-B68A-4072-8740-839EA19E400A}.Release|Any CPU.Build.0 = Release|Any CPU
	EndGlobalSection
	GlobalSection(NestedProjects) = preSolution
		{D25FEFAD-7A4A-4617-91E3-1B0AB9737A7C} = {3576C181-8BD5-4845-9CDA-835B33A29A29}
		{6CA0C169-109F-4A43-A21F-0792C1F865C8} = {3576C181-8BD5-4845-9CDA-835B33A29A29}
		{5DBD2AE2-B68A-4072-8740-839EA19E400A} = {3576C181-8BD5-4845-9CDA-835B33A29A29}
	EndGlobalSection
EndGlobal
